
Microsoft Visual Studio Solution File, Format Version 12.00
# Visual Studio Version 17
VisualStudioVersion = 17.8.34601.278
MinimumVisualStudioVersion = 10.0.40219.1
Project("{FAE04EC0-301F-11D3-BF4B-00C04F79EFBC}") = "Paradas", "Paradas.csproj", "{7C1588AB-D8ED-4ADB-B336-B05D98B09016}"
EndProject
Global
	GlobalSection(SolutionConfigurationPlatforms) = preSolution
		Debug|Any CPU = Debug|Any CPU
		Release|Any CPU = Release|Any CPU
	EndGlobalSection
	GlobalSection(ProjectConfigurationPlatforms) = postSolution
		{7C1588AB-D8ED-4ADB-B336-B05D98B09016}.Debug|Any CPU.ActiveCfg = Debug|Any CPU
		{7C1588AB-D8ED-4ADB-B336-B05D98B09016}.Debug|Any CPU.Build.0 = Debug|Any CPU
		{7C1588AB-D8ED-4ADB-B336-B05D98B09016}.Release|Any CPU.ActiveCfg = Release|Any CPU
		{7C1588AB-D8ED-4ADB-B336-B05D98B09016}.Release|Any CPU.Build.0 = Release|Any CPU
	EndGlobalSection
	GlobalSection(SolutionProperties) = preSolution
		HideSolutionNode = FALSE
	EndGlobalSection
	GlobalSection(ExtensibilityGlobals) = postSolution
		SolutionGuid = {4605DD31-687F-40C9-95DA-2BF4FA72F475}
	EndGlobalSection
EndGlobal
